// !$*UTF8*$!
{
	archiveVersion = 1;
	classes = {
	};
	objectVersion = 56;
	objects = {

/* Begin PBXBuildFile section */
		330AF6702A4ACDDE00FAA180 /* AppDelegate.m in Sources */ = {isa = PBXBuildFile; fileRef = 330AF66F2A4ACDDE00FAA180 /* AppDelegate.m */; };
		330AF6732A4ACDDE00FAA180 /* SceneDelegate.m in Sources */ = {isa = PBXBuildFile; fileRef = 330AF6722A4ACDDE00FAA180 /* SceneDelegate.m */; };
		330AF6762A4ACDDE00FAA180 /* ViewController.m in Sources */ = {isa = PBXBuildFile; fileRef = 330AF6752A4ACDDE00FAA180 /* ViewController.m */; };
		330AF6792A4ACDDE00FAA180 /* Main.storyboard in Resources */ = {isa = PBXBuildFile; fileRef = 330AF6772A4ACDDE00FAA180 /* Main.storyboard */; };
		330AF67B2A4ACDE000FAA180 /* Assets.xcassets in Resources */ = {isa = PBXBuildFile; fileRef = 330AF67A2A4ACDE000FAA180 /* Assets.xcassets */; };
		330AF67E2A4ACDE000FAA180 /* LaunchScreen.storyboard in Resources */ = {isa = PBXBuildFile; fileRef = 330AF67C2A4ACDE000FAA180 /* LaunchScreen.storyboard */; };
		330AF6812A4ACDE000FAA180 /* main.m in Sources */ = {isa = PBXBuildFile; fileRef = 330AF6802A4ACDE000FAA180 /* main.m */; };
		330AF68A2A4ACE0A00FAA180 /* VEPageViewController.m in Sources */ = {isa = PBXBuildFile; fileRef = 330AF6892A4ACE0A00FAA180 /* VEPageViewController.m */; };
/* End PBXBuildFile section */

/* Begin PBXFileReference section */
		330AF66B2A4ACDDE00FAA180 /* VESceneKit.app */ = {isa = PBXFileReference; explicitFileType = wrapper.application; includeInIndex = 0; path = VESceneKit.app; sourceTree = BUILT_PRODUCTS_DIR; };
		330AF66E2A4ACDDE00FAA180 /* AppDelegate.h */ = {isa = PBXFileReference; lastKnownFileType = sourcecode.c.h; path = AppDelegate.h; sourceTree = "<group>"; };
		330AF66F2A4ACDDE00FAA180 /* AppDelegate.m */ = {isa = PBXFileReference; lastKnownFileType = sourcecode.c.objc; path = AppDelegate.m; sourceTree = "<group>"; };
		330AF6712A4ACDDE00FAA180 /* SceneDelegate.h */ = {isa = PBXFileReference; lastKnownFileType = sourcecode.c.h; path = SceneDelegate.h; sourceTree = "<group>"; };
		330AF6722A4ACDDE00FAA180 /* SceneDelegate.m */ = {isa = PBXFileReference; lastKnownFileType = sourcecode.c.objc; path = SceneDelegate.m; sourceTree = "<group>"; };
		330AF6742A4ACDDE00FAA180 /* ViewController.h */ = {isa = PBXFileReference; lastKnownFileType = sourcecode.c.h; path = ViewController.h; sourceTree = "<group>"; };
		330AF6752A4ACDDE00FAA180 /* ViewController.m */ = {isa = PBXFileReference; lastKnownFileType = sourcecode.c.objc; path = ViewController.m; sourceTree = "<group>"; };
		330AF6782A4ACDDE00FAA180 /* Base */ = {isa = PBXFileReference; lastKnownFileType = file.storyboard; name = Base; path = Base.lproj/Main.storyboard; sourceTree = "<group>"; };
		330AF67A2A4ACDE000FAA180 /* Assets.xcassets */ = {isa = PBXFileReference; lastKnownFileType = folder.assetcatalog; path = Assets.xcassets; sourceTree = "<group>"; };
		330AF67D2A4ACDE000FAA180 /* Base */ = {isa = PBXFileReference; lastKnownFileType = file.storyboard; name = Base; path = Base.lproj/LaunchScreen.storyboard; sourceTree = "<group>"; };
		330AF67F2A4ACDE000FAA180 /* Info.plist */ = {isa = PBXFileReference; lastKnownFileType = text.plist.xml; path = Info.plist; sourceTree = "<group>"; };
		330AF6802A4ACDE000FAA180 /* main.m */ = {isa = PBXFileReference; lastKnownFileType = sourcecode.c.objc; path = main.m; sourceTree = "<group>"; };
		330AF6882A4ACE0A00FAA180 /* VEPageViewController.h */ = {isa = PBXFileReference; lastKnownFileType = sourcecode.c.h; path = VEPageViewController.h; sourceTree = "<group>"; };
		330AF6892A4ACE0A00FAA180 /* VEPageViewController.m */ = {isa = PBXFileReference; lastKnownFileType = sourcecode.c.objc; path = VEPageViewController.m; sourceTree = "<group>"; };
/* End PBXFileReference section */

/* Begin PBXFrameworksBuildPhase section */
		330AF6682A4ACDDE00FAA180 /* Frameworks */ = {
			isa = PBXFrameworksBuildPhase;
			buildActionMask = 2147483647;
			files = (
			);
			runOnlyForDeploymentPostprocessing = 0;
		};
/* End PBXFrameworksBuildPhase section */

/* Begin PBXGroup section */
		330AF6622A4ACDDE00FAA180 = {
			isa = PBXGroup;
			children = (
				330AF66D2A4ACDDE00FAA180 /* VESceneKit */,
				330AF66C2A4ACDDE00FAA180 /* Products */,
			);
			sourceTree = "<group>";
		};
		330AF66C2A4ACDDE00FAA180 /* Products */ = {
			isa = PBXGroup;
			children = (
				330AF66B2A4ACDDE00FAA180 /* VESceneKit.app */,
			);
			name = Products;
			sourceTree = "<group>";
		};
		330AF66D2A4ACDDE00FAA180 /* VESceneKit */ = {
			isa = PBXGroup;
			children = (
				330AF6872A4ACDF500FAA180 /* Class */,
				330AF66E2A4ACDDE00FAA180 /* AppDelegate.h */,
				330AF66F2A4ACDDE00FAA180 /* AppDelegate.m */,
				330AF6712A4ACDDE00FAA180 /* SceneDelegate.h */,
				330AF6722A4ACDDE00FAA180 /* SceneDelegate.m */,
				330AF6742A4ACDDE00FAA180 /* ViewController.h */,
				330AF6752A4ACDDE00FAA180 /* ViewController.m */,
				330AF6772A4ACDDE00FAA180 /* Main.storyboard */,
				330AF67A2A4ACDE000FAA180 /* Assets.xcassets */,
				330AF67C2A4ACDE000FAA180 /* LaunchScreen.storyboard */,
				330AF67F2A4ACDE000FAA180 /* Info.plist */,
				330AF6802A4ACDE000FAA180 /* main.m */,
			);
			path = VESceneKit;
			sourceTree = "<group>";
		};
		330AF6872A4ACDF500FAA180 /* Class */ = {
			isa = PBXGroup;
			children = (
				330AF6882A4ACE0A00FAA180 /* VEPageViewController.h */,
				330AF6892A4ACE0A00FAA180 /* VEPageViewController.m */,
			);
			path = Class;
			sourceTree = "<group>";
		};
/* End PBXGroup section */

/* Begin PBXNativeTarget section */
		330AF66A2A4ACDDE00FAA180 /* VESceneKit */ = {
			isa = PBXNativeTarget;
			buildConfigurationList = 330AF6842A4ACDE000FAA180 /* Build configuration list for PBXNativeTarget "VESceneKit" */;
			buildPhases = (
				330AF6672A4ACDDE00FAA180 /* Sources */,
				330AF6682A4ACDDE00FAA180 /* Frameworks */,
				330AF6692A4ACDDE00FAA180 /* Resources */,
			);
			buildRules = (
			);
			dependencies = (
			);
			name = VESceneKit;
			productName = VESceneKit;
			productReference = 330AF66B2A4ACDDE00FAA180 /* VESceneKit.app */;
			productType = "com.apple.product-type.application";
		};
/* End PBXNativeTarget section */

/* Begin PBXProject section */
		330AF6632A4ACDDE00FAA180 /* Project object */ = {
			isa = PBXProject;
			attributes = {
				BuildIndependentTargetsInParallel = 1;
				LastUpgradeCheck = 1430;
				TargetAttributes = {
					330AF66A2A4ACDDE00FAA180 = {
						CreatedOnToolsVersion = 14.3.1;
					};
				};
			};
			buildConfigurationList = 330AF6662A4ACDDE00FAA180 /* Build configuration list for PBXProject "VESceneKit" */;
			compatibilityVersion = "Xcode 14.0";
			developmentRegion = en;
			hasScannedForEncodings = 0;
			knownRegions = (
				en,
				Base,
			);
			mainGroup = 330AF6622A4ACDDE00FAA180;
			productRefGroup = 330AF66C2A4ACDDE00FAA180 /* Products */;
			projectDirPath = "";
			projectRoot = "";
			targets = (
				330AF66A2A4ACDDE00FAA180 /* VESceneKit */,
			);
		};
/* End PBXProject section */

/* Begin PBXResourcesBuildPhase section */
		330AF6692A4ACDDE00FAA180 /* Resources */ = {
			isa = PBXResourcesBuildPhase;
			buildActionMask = 2147483647;
			files = (
				330AF67E2A4ACDE000FAA180 /* LaunchScreen.storyboard in Resources */,
				330AF67B2A4ACDE000FAA180 /* Assets.xcassets in Resources */,
				330AF6792A4ACDDE00FAA180 /* Main.storyboard in Resources */,
			);
			runOnlyForDeploymentPostprocessing = 0;
		};
/* End PBXResourcesBuildPhase section */

/* Begin PBXSourcesBuildPhase section */
		330AF6672A4ACDDE00FAA180 /* Sources */ = {
			isa = PBXSourcesBuildPhase;
			buildActionMask = 2147483647;
			files = (
				330AF6762A4ACDDE00FAA180 /* ViewController.m in Sources */,
				330AF6702A4ACDDE00FAA180 /* AppDelegate.m in Sources */,
				330AF6812A4ACDE000FAA180 /* main.m in Sources */,
				330AF68A2A4ACE0A00FAA180 /* VEPageViewController.m in Sources */,
				330AF6732A4ACDDE00FAA180 /* SceneDelegate.m in Sources */,
			);
			runOnlyForDeploymentPostprocessing = 0;
		};
/* End PBXSourcesBuildPhase section */

/* Begin PBXVariantGroup section */
		330AF6772A4ACDDE00FAA180 /* Main.storyboard */ = {
			isa = PBXVariantGroup;
			children = (
				330AF6782A4ACDDE00FAA180 /* Base */,
			);
			name = Main.storyboard;
			sourceTree = "<group>";
		};
		330AF67C2A4ACDE000FAA180 /* LaunchScreen.storyboard */ = {
			isa = PBXVariantGroup;
			children = (
				330AF67D2A4ACDE000FAA180 /* Base */,
			);
			name = LaunchScreen.storyboard;
			sourceTree = "<group>";
		};
/* End PBXVariantGroup section */

/* Begin XCBuildConfiguration section */
		330AF6822A4ACDE000FAA180 /* Debug */ = {
			isa = XCBuildConfiguration;
			buildSettings = {
				ALWAYS_SEARCH_USER_PATHS = NO;
				CLANG_ANALYZER_NONNULL = YES;
				CLANG_ANALYZER_NUMBER_OBJECT_CONVERSION = YES_AGGRESSIVE;
				CLANG_CXX_LANGUAGE_STANDARD = "gnu++20";
				CLANG_ENABLE_MODULES = YES;
				CLANG_ENABLE_OBJC_ARC = YES;
				CLANG_ENABLE_OBJC_WEAK = YES;
				CLANG_WARN_BLOCK_CAPTURE_AUTORELEASING = YES;
				CLANG_WARN_BOOL_CONVERSION = YES;
				CLANG_WARN_COMMA = YES;
				CLANG_WARN_CONSTANT_CONVERSION = YES;
				CLANG_WARN_DEPRECATED_OBJC_IMPLEMENTATIONS = YES;
				CLANG_WARN_DIRECT_OBJC_ISA_USAGE = YES_ERROR;
				CLANG_WARN_DOCUMENTATION_COMMENTS = YES;
				CLANG_WARN_EMPTY_BODY = YES;
				CLANG_WARN_ENUM_CONVERSION = YES;
				CLANG_WARN_INFINITE_RECURSION = YES;
				CLANG_WARN_INT_CONVERSION = YES;
				CLANG_WARN_NON_LITERAL_NULL_CONVERSION = YES;
				CLANG_WARN_OBJC_IMPLICIT_RETAIN_SELF = YES;
				CLANG_WARN_OBJC_LITERAL_CONVERSION = YES;
				CLANG_WARN_OBJC_ROOT_CLASS = YES_ERROR;
				CLANG_WARN_QUOTED_INCLUDE_IN_FRAMEWORK_HEADER = YES;
				CLANG_WARN_RANGE_LOOP_ANALYSIS = YES;
				CLANG_WARN_STRICT_PROTOTYPES = YES;
				CLANG_WARN_SUSPICIOUS_MOVE = YES;
				CLANG_WARN_UNGUARDED_AVAILABILITY = YES_AGGRESSIVE;
				CLANG_WARN_UNREACHABLE_CODE = YES;
				CLANG_WARN__DUPLICATE_METHOD_MATCH = YES;
				COPY_PHASE_STRIP = NO;
				DEBUG_INFORMATION_FORMAT = dwarf;
				ENABLE_STRICT_OBJC_MSGSEND = YES;
				ENABLE_TESTABILITY = YES;
				GCC_C_LANGUAGE_STANDARD = gnu11;
				GCC_DYNAMIC_NO_PIC = NO;
				GCC_NO_COMMON_BLOCKS = YES;
				GCC_OPTIMIZATION_LEVEL = 0;
				GCC_PREPROCESSOR_DEFINITIONS = (
					"DEBUG=1",
					"$(inherited)",
				);
				GCC_WARN_64_TO_32_BIT_CONVERSION = YES;
				GCC_WARN_ABOUT_RETURN_TYPE = YES_ERROR;
				GCC_WARN_UNDECLARED_SELECTOR = YES;
				GCC_WARN_UNINITIALIZED_AUTOS = YES_AGGRESSIVE;
				GCC_WARN_UNUSED_FUNCTION = YES;
				GCC_WARN_UNUSED_VARIABLE = YES;
				IPHONEOS_DEPLOYMENT_TARGET = 13.0;
				MTL_ENABLE_DEBUG_INFO = INCLUDE_SOURCE;
				MTL_FAST_MATH = YES;
				ONLY_ACTIVE_ARCH = YES;
				SDKROOT = iphoneos;
			};
			name = Debug;
		};
		330AF6832A4ACDE000FAA180 /* Release */ = {
			isa = XCBuildConfiguration;
			buildSettings = {
				ALWAYS_SEARCH_USER_PATHS = NO;
				CLANG_ANALYZER_NONNULL = YES;
				CLANG_ANALYZER_NUMBER_OBJECT_CONVERSION = YES_AGGRESSIVE;
				CLANG_CXX_LANGUAGE_STANDARD = "gnu++20";
				CLANG_ENABLE_MODULES = YES;
				CLANG_ENABLE_OBJC_ARC = YES;
				CLANG_ENABLE_OBJC_WEAK = YES;
				CLANG_WARN_BLOCK_CAPTURE_AUTORELEASING = YES;
				CLANG_WARN_BOOL_CONVERSION = YES;
				CLANG_WARN_COMMA = YES;
				CLANG_WARN_CONSTANT_CONVERSION = YES;
				CLANG_WARN_DEPRECATED_OBJC_IMPLEMENTATIONS = YES;
				CLANG_WARN_DIRECT_OBJC_ISA_USAGE = YES_ERROR;
				CLANG_WARN_DOCUMENTATION_COMMENTS = YES;
				CLANG_WARN_EMPTY_BODY = YES;
				CLANG_WARN_ENUM_CONVERSION = YES;
				CLANG_WARN_INFINITE_RECURSION = YES;
				CLANG_WARN_INT_CONVERSION = YES;
				CLANG_WARN_NON_LITERAL_NULL_CONVERSION = YES;
				CLANG_WARN_OBJC_IMPLICIT_RETAIN_SELF = YES;
				CLANG_WARN_OBJC_LITERAL_CONVERSION = YES;
				CLANG_WARN_OBJC_ROOT_CLASS = YES_ERROR;
				CLANG_WARN_QUOTED_INCLUDE_IN_FRAMEWORK_HEADER = YES;
				CLANG_WARN_RANGE_LOOP_ANALYSIS = YES;
				CLANG_WARN_STRICT_PROTOTYPES = YES;
				CLANG_WARN_SUSPICIOUS_MOVE = YES;
				CLANG_WARN_UNGUARDED_AVAILABILITY = YES_AGGRESSIVE;
				CLANG_WARN_UNREACHABLE_CODE = YES;
				CLANG_WARN__DUPLICATE_METHOD_MATCH = YES;
				COPY_PHASE_STRIP = NO;
				DEBUG_INFORMATION_FORMAT = "dwarf-with-dsym";
				ENABLE_NS_ASSERTIONS = NO;
				ENABLE_STRICT_OBJC_MSGSEND = YES;
				GCC_C_LANGUAGE_STANDARD = gnu11;
				GCC_NO_COMMON_BLOCKS = YES;
				GCC_WARN_64_TO_32_BIT_CONVERSION = YES;
				GCC_WARN_ABOUT_RETURN_TYPE = YES_ERROR;
				GCC_WARN_UNDECLARED_SELECTOR = YES;
				GCC_WARN_UNINITIALIZED_AUTOS = YES_AGGRESSIVE;
				GCC_WARN_UNUSED_FUNCTION = YES;
				GCC_WARN_UNUSED_VARIABLE = YES;
				IPHONEOS_DEPLOYMENT_TARGET = 13.0;
				MTL_ENABLE_DEBUG_INFO = NO;
				MTL_FAST_MATH = YES;
				SDKROOT = iphoneos;
				VALIDATE_PRODUCT = YES;
			};
			name = Release;
		};
		330AF6852A4ACDE000FAA180 /* Debug */ = {
			isa = XCBuildConfiguration;
			buildSettings = {
				ASSETCATALOG_COMPILER_APPICON_NAME = AppIcon;
				ASSETCATALOG_COMPILER_GLOBAL_ACCENT_COLOR_NAME = AccentColor;
				CODE_SIGN_STYLE = Automatic;
				CURRENT_PROJECT_VERSION = 1;
				DEVELOPMENT_TEAM = WX7HG5RLRC;
				GENERATE_INFOPLIST_FILE = YES;
				INFOPLIST_FILE = VESceneKit/Info.plist;
				INFOPLIST_KEY_UIApplicationSupportsIndirectInputEvents = YES;
				INFOPLIST_KEY_UILaunchStoryboardName = LaunchScreen;
				INFOPLIST_KEY_UIMainStoryboardFile = Main;
				INFOPLIST_KEY_UISupportedInterfaceOrientations_iPad = "UIInterfaceOrientationPortrait UIInterfaceOrientationPortraitUpsideDown UIInterfaceOrientationLandscapeLeft UIInterfaceOrientationLandscapeRight";
				INFOPLIST_KEY_UISupportedInterfaceOrientations_iPhone = "UIInterfaceOrientationPortrait UIInterfaceOrientationLandscapeLeft UIInterfaceOrientationLandscapeRight";
				IPHONEOS_DEPLOYMENT_TARGET = 13.0;
				LD_RUNPATH_SEARCH_PATHS = (
					"$(inherited)",
					"@executable_path/Frameworks",
				);
				MARKETING_VERSION = 1.0;
				PRODUCT_BUNDLE_IDENTIFIER = com.fancy.VESceneKit;
				PRODUCT_NAME = "$(TARGET_NAME)";
				SWIFT_EMIT_LOC_STRINGS = YES;
				TARGETED_DEVICE_FAMILY = "1,2";
			};
			name = Debug;
		};
		330AF6862A4ACDE000FAA180 /* Release */ = {
			isa = XCBuildConfiguration;
			buildSettings = {
				ASSETCATALOG_COMPILER_APPICON_NAME = AppIcon;
				ASSETCATALOG_COMPILER_GLOBAL_ACCENT_COLOR_NAME = AccentColor;
				CODE_SIGN_STYLE = Automatic;
				CURRENT_PROJECT_VERSION = 1;
				DEVELOPMENT_TEAM = WX7HG5RLRC;
				GENERATE_INFOPLIST_FILE = YES;
				INFOPLIST_FILE = VESceneKit/Info.plist;
				INFOPLIST_KEY_UIApplicationSupportsIndirectInputEvents = YES;
				INFOPLIST_KEY_UILaunchStoryboardName = LaunchScreen;
				INFOPLIST_KEY_UIMainStoryboardFile = Main;
				INFOPLIST_KEY_UISupportedInterfaceOrientations_iPad = "UIInterfaceOrientationPortrait UIInterfaceOrientationPortraitUpsideDown UIInterfaceOrientationLandscapeLeft UIInterfaceOrientationLandscapeRight";
				INFOPLIST_KEY_UISupportedInterfaceOrientations_iPhone = "UIInterfaceOrientationPortrait UIInterfaceOrientationLandscapeLeft UIInterfaceOrientationLandscapeRight";
				IPHONEOS_DEPLOYMENT_TARGET = 13.0;
				LD_RUNPATH_SEARCH_PATHS = (
					"$(inherited)",
					"@executable_path/Frameworks",
				);
				MARKETING_VERSION = 1.0;
				PRODUCT_BUNDLE_IDENTIFIER = com.fancy.VESceneKit;
				PRODUCT_NAME = "$(TARGET_NAME)";
				SWIFT_EMIT_LOC_STRINGS = YES;
				TARGETED_DEVICE_FAMILY = "1,2";
			};
			name = Release;
		};
/* End XCBuildConfiguration section */

/* Begin XCConfigurationList section */
		330AF6662A4ACDDE00FAA180 /* Build configuration list for PBXProject "VESceneKit" */ = {
			isa = XCConfigurationList;
			buildConfigurations = (
				330AF6822A4ACDE000FAA180 /* Debug */,
				330AF6832A4ACDE000FAA180 /* Release */,
			);
			defaultConfigurationIsVisible = 0;
			defaultConfigurationName = Release;
		};
		330AF6842A4ACDE000FAA180 /* Build configuration list for PBXNativeTarget "VESceneKit" */ = {
			isa = XCConfigurationList;
			buildConfigurations = (
				330AF6852A4ACDE000FAA180 /* Debug */,
				330AF6862A4ACDE000FAA180 /* Release */,
			);
			defaultConfigurationIsVisible = 0;
			defaultConfigurationName = Release;
		};
/* End XCConfigurationList section */
	};
	rootObject = 330AF6632A4ACDDE00FAA180 /* Project object */;
}
